
Microsoft Visual Studio Solution File, Format Version 12.00
# Visual Studio 15
VisualStudioVersion = 15.0.28010.2003
MinimumVisualStudioVersion = 10.0.40219.1
Project("{8BC9CEB8-8B4A-11D0-8D11-00A0C91BC942}") = "CheckConfig", "CheckConfig\CheckConfig.vcxproj", "{2D729108-04F7-473B-9560-1235F2BAE796}"
EndProject
Global
	GlobalSection(SolutionConfigurationPlatforms) = preSolution
		Debug|x64 = Debug|x64
		Debug|x86 = Debug|x86
		Release|x64 = Release|x64
		Release|x86 = Release|x86
	EndGlobalSection
	GlobalSection(ProjectConfigurationPlatforms) = postSolution
		{2D729108-04F7-473B-9560-1235F2BAE796}.Debug|x64.ActiveCfg = Debug|x64
		{2D729108-04F7-473B-9560-1235F2BAE796}.Debug|x64.Build.0 = Debug|x64
		{2D729108-04F7-473B-9560-1235F2BAE796}.Debug|x86.ActiveCfg = Debug|Win32
		{2D729108-04F7-473B-9560-1235F2BAE796}.Debug|x86.Build.0 = Debug|Win32
		{2D729108-04F7-473B-9560-1235F2BAE796}.Release|x64.ActiveCfg = Release|x64
		{2D729108-04F7-473B-9560-1235F2BAE796}.Release|x64.Build.0 = Release|x64
		{2D729108-04F7-473B-9560-1235F2BAE796}.Release|x86.ActiveCfg = Release|Win32
		{2D729108-04F7-473B-9560-1235F2BAE796}.Release|x86.Build.0 = Release|Win32
	EndGlobalSection
	GlobalSection(SolutionProperties) = preSolution
		HideSolutionNode = FALSE
	EndGlobalSection
	GlobalSection(ExtensibilityGlobals) = postSolution
		SolutionGuid = {558917EF-250B-429B-8B51-786F4AEEB654}
	EndGlobalSection
EndGlobal
